
Microsoft Visual Studio Solution File, Format Version 12.00
# Visual Studio Version 17
VisualStudioVersion = 17.0.31903.59
MinimumVisualStudioVersion = 10.0.40219.1
Project("{2150E333-8FDC-42A3-9474-1A3956D46DE8}") = "src", "src", "{827E0CD3-B72D-47B6-A68D-7590B98EB39B}"
EndProject
Project("{FAE04EC0-301F-11D3-BF4B-00C04F79EFBC}") = "InvoiceAI.Models", "src\InvoiceAI.Models\InvoiceAI.Models.csproj", "{7955D9BB-6546-45E7-8DB6-2245AD67D850}"
EndProject
Project("{FAE04EC0-301F-11D3-BF4B-00C04F79EFBC}") = "InvoiceAI.Data", "src\InvoiceAI.Data\InvoiceAI.Data.csproj", "{77146933-2EA2-4E27-A25A-BD111A98D8BD}"
EndProject
Project("{FAE04EC0-301F-11D3-BF4B-00C04F79EFBC}") = "InvoiceAI.Core", "src\InvoiceAI.Core\InvoiceAI.Core.csproj", "{2DBDA8D1-C6AB-4323-818A-A1D92B0B2C36}"
EndProject
Project("{FAE04EC0-301F-11D3-BF4B-00C04F79EFBC}") = "InvoiceAI.App", "src\InvoiceAI.App\InvoiceAI.App.csproj", "{D04BB07A-B695-4AB2-BACF-934B7CFD1659}"
EndProject
Project("{2150E333-8FDC-42A3-9474-1A3956D46DE8}") = "tests", "tests", "{0AB3BF05-4346-4AA6-1389-037BE0695223}"
EndProject
Project("{FAE04EC0-301F-11D3-BF4B-00C04F79EFBC}") = "InvoiceAI.Core.Tests", "tests\InvoiceAI.Core.Tests\InvoiceAI.Core.Tests.csproj", "{C764F68C-6D4B-46CD-A87C-BD4798F82AC5}"
EndProject
Global
	GlobalSection(SolutionConfigurationPlatforms) = preSolution
		Debug|Any CPU = Debug|Any CPU
		Debug|x64 = Debug|x64
		Debug|x86 = Debug|x86
		Release|Any CPU = Release|Any CPU
		Release|x64 = Release|x64
		Release|x86 = Release|x86
	EndGlobalSection
	GlobalSection(ProjectConfigurationPlatforms) = postSolution
		{7955D9BB-6546-45E7-8DB6-2245AD67D850}.Debug|Any CPU.ActiveCfg = Debug|Any CPU
		{7955D9BB-6546-45E7-8DB6-2245AD67D850}.Debug|Any CPU.Build.0 = Debug|Any CPU
		{7955D9BB-6546-45E7-8DB6-2245AD67D850}.Debug|x64.ActiveCfg = Debug|Any CPU
		{7955D9BB-6546-45E7-8DB6-2245AD67D850}.Debug|x64.Build.0 = Debug|Any CPU
		{7955D9BB-6546-45E7-8DB6-2245AD67D850}.Debug|x86.ActiveCfg = Debug|Any CPU
		{7955D9BB-6546-45E7-8DB6-2245AD67D850}.Debug|x86.Build.0 = Debug|Any CPU
		{7955D9BB-6546-45E7-8DB6-2245AD67D850}.Release|Any CPU.ActiveCfg = Release|Any CPU
		{7955D9BB-6546-45E7-8DB6-2245AD67D850}.Release|Any CPU.Build.0 = Release|Any CPU
		{7955D9BB-6546-45E7-8DB6-2245AD67D850}.Release|x64.ActiveCfg = Release|Any CPU
		{7955D9BB-6546-45E7-8DB6-2245AD67D850}.Release|x64.Build.0 = Release|Any CPU
		{7955D9BB-6546-45E7-8DB6-2245AD67D850}.Release|x86.ActiveCfg = Release|Any CPU
		{7955D9BB-6546-45E7-8DB6-2245AD67D850}.Release|x86.Build.0 = Release|Any CPU
		{77146933-2EA2-4E27-A25A-BD111A98D8BD}.Debug|Any CPU.ActiveCfg = Debug|Any CPU
		{77146933-2EA2-4E27-A25A-BD111A98D8BD}.Debug|Any CPU.Build.0 = Debug|Any CPU
		{77146933-2EA2-4E27-A25A-BD111A98D8BD}.Debug|x64.ActiveCfg = Debug|Any CPU
		{77146933-2EA2-4E27-A25A-BD111A98D8BD}.Debug|x64.Build.0 = Debug|Any CPU
		{77146933-2EA2-4E27-A25A-BD111A98D8BD}.Debug|x86.ActiveCfg = Debug|Any CPU
		{77146933-2EA2-4E27-A25A-BD111A98D8BD}.Debug|x86.Build.0 = Debug|Any CPU
		{77146933-2EA2-4E27-A25A-BD111A98D8BD}.Release|Any CPU.ActiveCfg = Release|Any CPU
		{77146933-2EA2-4E27-A25A-BD111A98D8BD}.Release|Any CPU.Build.0 = Release|Any CPU
		{77146933-2EA2-4E27-A25A-BD111A98D8BD}.Release|x64.ActiveCfg = Release|Any CPU
		{77146933-2EA2-4E27-A25A-BD111A98D8BD}.Release|x64.Build.0 = Release|Any CPU
		{77146933-2EA2-4E27-A25A-BD111A98D8BD}.Release|x86.ActiveCfg = Release|Any CPU
		{77146933-2EA2-4E27-A25A-BD111A98D8BD}.Release|x86.Build.0 = Release|Any CPU
		{2DBDA8D1-C6AB-4323-818A-A1D92B0B2C36}.Debug|Any CPU.ActiveCfg = Debug|Any CPU
		{2DBDA8D1-C6AB-4323-818A-A1D92B0B2C36}.Debug|Any CPU.Build.0 = Debug|Any CPU
		{2DBDA8D1-C6AB-4323-818A-A1D92B0B2C36}.Debug|x64.ActiveCfg = Debug|Any CPU
		{2DBDA8D1-C6AB-4323-818A-A1D92B0B2C36}.Debug|x64.Build.0 = Debug|Any CPU
		{2DBDA8D1-C6AB-4323-818A-A1D92B0B2C36}.Debug|x86.ActiveCfg = Debug|Any CPU
		{2DBDA8D1-C6AB-4323-818A-A1D92B0B2C36}.Debug|x86.Build.0 = Debug|Any CPU
		{2DBDA8D1-C6AB-4323-818A-A1D92B0B2C36}.Release|Any CPU.ActiveCfg = Release|Any CPU
		{2DBDA8D1-C6AB-4323-818A-A1D92B0B2C36}.Release|Any CPU.Build.0 = Release|Any CPU
		{2DBDA8D1-C6AB-4323-818A-A1D92B0B2C36}.Release|x64.ActiveCfg = Release|Any CPU
		{2DBDA8D1-C6AB-4323-818A-A1D92B0B2C36}.Release|x64.Build.0 = Release|Any CPU
		{2DBDA8D1-C6AB-4323-818A-A1D92B0B2C36}.Release|x86.ActiveCfg = Release|Any CPU
		{2DBDA8D1-C6AB-4323-818A-A1D92B0B2C36}.Release|x86.Build.0 = Release|Any CPU
		{D04BB07A-B695-4AB2-BACF-934B7CFD1659}.Debug|Any CPU.ActiveCfg = Debug|Any CPU
		{D04BB07A-B695-4AB2-BACF-934B7CFD1659}.Debug|Any CPU.Build.0 = Debug|Any CPU
		{D04BB07A-B695-4AB2-BACF-934B7CFD1659}.Debug|x64.ActiveCfg = Debug|Any CPU
		{D04BB07A-B695-4AB2-BACF-934B7CFD1659}.Debug|x64.Build.0 = Debug|Any CPU
		{D04BB07A-B695-4AB2-BACF-934B7CFD1659}.Debug|x86.ActiveCfg = Debug|Any CPU
		{D04BB07A-B695-4AB2-BACF-934B7CFD1659}.Debug|x86.Build.0 = Debug|Any CPU
		{D04BB07A-B695-4AB2-BACF-934B7CFD1659}.Release|Any CPU.ActiveCfg = Release|Any CPU
		{D04BB07A-B695-4AB2-BACF-934B7CFD1659}.Release|Any CPU.Build.0 = Release|Any CPU
		{D04BB07A-B695-4AB2-BACF-934B7CFD1659}.Release|x64.ActiveCfg = Release|Any CPU
		{D04BB07A-B695-4AB2-BACF-934B7CFD1659}.Release|x64.Build.0 = Release|Any CPU
		{D04BB07A-B695-4AB2-BACF-934B7CFD1659}.Release|x86.ActiveCfg = Release|Any CPU
		{D04BB07A-B695-4AB2-BACF-934B7CFD1659}.Release|x86.Build.0 = Release|Any CPU
		{C764F68C-6D4B-46CD-A87C-BD4798F82AC5}.Debug|Any CPU.ActiveCfg = Debug|Any CPU
		{C764F68C-6D4B-46CD-A87C-BD4798F82AC5}.Debug|Any CPU.Build.0 = Debug|Any CPU
		{C764F68C-6D4B-46CD-A87C-BD4798F82AC5}.Debug|x64.ActiveCfg = Debug|Any CPU
		{C764F68C-6D4B-46CD-A87C-BD4798F82AC5}.Debug|x64.Build.0 = Debug|Any CPU
		{C764F68C-6D4B-46CD-A87C-BD4798F82AC5}.Debug|x86.ActiveCfg = Debug|Any CPU
		{C764F68C-6D4B-46CD-A87C-BD4798F82AC5}.Debug|x86.Build.0 = Debug|Any CPU
		{C764F68C-6D4B-46CD-A87C-BD4798F82AC5}.Release|Any CPU.ActiveCfg = Release|Any CPU
		{C764F68C-6D4B-46CD-A87C-BD4798F82AC5}.Release|Any CPU.Build.0 = Release|Any CPU
		{C764F68C-6D4B-46CD-A87C-BD4798F82AC5}.Release|x64.ActiveCfg = Release|Any CPU
		{C764F68C-6D4B-46CD-A87C-BD4798F82AC5}.Release|x64.Build.0 = Release|Any CPU
		{C764F68C-6D4B-46CD-A87C-BD4798F82AC5}.Release|x86.ActiveCfg = Release|Any CPU
		{C764F68C-6D4B-46CD-A87C-BD4798F82AC5}.Release|x86.Build.0 = Release|Any CPU
	EndGlobalSection
	GlobalSection(SolutionProperties) = preSolution
		HideSolutionNode = FALSE
	EndGlobalSection
	GlobalSection(NestedProjects) = preSolution
		{7955D9BB-6546-45E7-8DB6-2245AD67D850} = {827E0CD3-B72D-47B6-A68D-7590B98EB39B}
		{77146933-2EA2-4E27-A25A-BD111A98D8BD} = {827E0CD3-B72D-47B6-A68D-7590B98EB39B}
		{2DBDA8D1-C6AB-4323-818A-A1D92B0B2C36} = {827E0CD3-B72D-47B6-A68D-7590B98EB39B}
		{D04BB07A-B695-4AB2-BACF-934B7CFD1659} = {827E0CD3-B72D-47B6-A68D-7590B98EB39B}
		{C764F68C-6D4B-46CD-A87C-BD4798F82AC5} = {0AB3BF05-4346-4AA6-1389-037BE0695223}
	EndGlobalSection
EndGlobal
